{
    "_readme": [
        "This file locks the dependencies of your project to a known state",
        "Read more about it at https://getcomposer.org/doc/01-basic-usage.md#installing-dependencies",
        "This file is @generated automatically"
    ],
    "content-hash": "5c40e7162a99540eda309c66fff4222a",
    "packages": [
        {
            "name": "ec-cube/plugin-installer",
            "version": "0.0.8",
            "source": {
                "type": "git",
                "url": "https://github.com/EC-CUBE/eccube-plugin-installer.git",
                "reference": "6185cd43ae0dd0423bebc9bb900d096356340f80"
            },
            "dist": {
                "type": "zip",
                "url": "https://api.github.com/repos/EC-CUBE/eccube-plugin-installer/zipball/6185cd43ae0dd0423bebc9bb900d096356340f80",
                "reference": "6185cd43ae0dd0423bebc9bb900d096356340f80",
                "shasum": ""
            },
            "require": {
                "composer-plugin-api": "^1.0"
            },
            "type": "composer-plugin",
            "extra": {
                "class": "Eccube\\Composer\\EccubePluginInstallerPlugin"
            },
            "autoload": {
                "psr-0": {
                    "Eccube": "src/"
                }
            },
            "notification-url": "https://packagist.org/downloads/",
            "license": [
                "MIT"
            ],
            "description": "EC-CUBE plugin installer.",
            "time": "2018-12-13T08:14:58+00:00"
        },
        {
            "name": "moneyphp/money",
            "version": "v3.3.1",
            "source": {
                "type": "git",
                "url": "https://github.com/moneyphp/money.git",
                "reference": "122664c2621a95180a13c1ac81fea1d2ef20781e"
            },
            "dist": {
                "type": "zip",
                "url": "https://api.github.com/repos/moneyphp/money/zipball/122664c2621a95180a13c1ac81fea1d2ef20781e",
                "reference": "122664c2621a95180a13c1ac81fea1d2ef20781e",
                "shasum": ""
            },
            "require": {
                "ext-json": "*",
                "php": ">=5.6"
            },
            "require-dev": {
                "cache/taggable-cache": "^0.4.0",
                "doctrine/instantiator": "^1.0.5",
                "ext-bcmath": "*",
                "ext-gmp": "*",
                "ext-intl": "*",
                "florianv/exchanger": "^1.0",
                "florianv/swap": "^3.0",
                "friends-of-phpspec/phpspec-code-coverage": "^3.1.1 || ^4.3",
                "moneyphp/iso-currencies": "^3.2.1",
                "php-http/message": "^1.4",
                "php-http/mock-client": "^1.0.0",
                "phpspec/phpspec": "^3.4.3",
                "phpunit/phpunit": "^5.7.27 || ^6.5.14 || ^7.5.18 || ^8.5",
                "psr/cache": "^1.0",
                "symfony/phpunit-bridge": "^4"
            },
            "suggest": {
                "ext-bcmath": "Calculate without integer limits",
                "ext-gmp": "Calculate without integer limits",
                "ext-intl": "Format Money objects with intl",
                "florianv/exchanger": "Exchange rates library for PHP",
                "florianv/swap": "Exchange rates library for PHP",
                "psr/cache-implementation": "Used for Currency caching"
            },
            "type": "library",
            "extra": {
                "branch-alias": {
                    "dev-master": "3.x-dev"
                }
            },
            "autoload": {
                "psr-4": {
                    "Money\\": "src/"
                }
            },
            "notification-url": "https://packagist.org/downloads/",
            "license": [
                "MIT"
            ],
            "authors": [
                {
                    "name": "Mathias Verraes",
                    "email": "mathias@verraes.net",
                    "homepage": "http://verraes.net"
                },
                {
                    "name": "Márk Sági-Kazár",
                    "email": "mark.sagikazar@gmail.com"
                },
                {
                    "name": "Frederik Bosch",
                    "email": "f.bosch@genkgo.nl"
                }
            ],
            "description": "PHP implementation of Fowler's Money pattern",
            "homepage": "http://moneyphp.org",
            "keywords": [
                "Value Object",
                "money",
                "vo"
            ],
            "time": "2020-03-18T17:49:59+00:00"
        },
        {
            "name": "rmccue/requests",
            "version": "v1.8.1",
            "source": {
                "type": "git",
                "url": "https://github.com/WordPress/Requests.git",
                "reference": "82e6936366eac3af4d836c18b9d8c31028fe4cd5"
            },
            "dist": {
                "type": "zip",
                "url": "https://api.github.com/repos/WordPress/Requests/zipball/82e6936366eac3af4d836c18b9d8c31028fe4cd5",
                "reference": "82e6936366eac3af4d836c18b9d8c31028fe4cd5",
                "shasum": ""
            },
            "require": {
                "php": ">=5.2"
            },
            "require-dev": {
                "dealerdirect/phpcodesniffer-composer-installer": "^0.7",
                "php-parallel-lint/php-console-highlighter": "^0.5.0",
                "php-parallel-lint/php-parallel-lint": "^1.3",
                "phpcompatibility/php-compatibility": "^9.0",
                "phpunit/phpunit": "^4.8 || ^5.7 || ^6.5 || ^7.5",
                "requests/test-server": "dev-master",
                "squizlabs/php_codesniffer": "^3.5",
                "wp-coding-standards/wpcs": "^2.0"
            },
            "type": "library",
            "autoload": {
                "psr-0": {
                    "Requests": "library/"
                }
            },
            "notification-url": "https://packagist.org/downloads/",
            "license": [
                "ISC"
            ],
            "authors": [
                {
                    "name": "Ryan McCue",
                    "homepage": "http://ryanmccue.info"
                }
            ],
            "description": "A HTTP library written in PHP, for human beings.",
            "homepage": "http://github.com/WordPress/Requests",
            "keywords": [
                "curl",
                "fsockopen",
                "http",
                "idna",
                "ipv6",
                "iri",
                "sockets"
            ],
            "time": "2021-06-04T09:56:25+00:00"
        },
        {
            "name": "univapay/php-sdk",
            "version": "5.2.1",
            "source": {
                "type": "git",
                "url": "https://github.com/univapay/univapay-php-sdk.git",
                "reference": "e7f739c159405974a2071b61570c56f0d21b7b37"
            },
            "dist": {
                "type": "zip",
                "url": "https://api.github.com/repos/univapay/univapay-php-sdk/zipball/e7f739c159405974a2071b61570c56f0d21b7b37",
                "reference": "e7f739c159405974a2071b61570c56f0d21b7b37",
                "shasum": ""
            },
            "require": {
                "moneyphp/money": "^3.3.1",
                "php": ">=5.6.0",
                "rmccue/requests": "^1.7"
            },
            "require-dev": {
                "phpunit/phpunit": "^5.2.7",
                "psy/psysh": "^0.9.4",
                "squizlabs/php_codesniffer": "^3.2.0"
            },
            "type": "library",
            "autoload": {
                "psr-0": {
                    "Univapay": "src/"
                }
            },
            "notification-url": "https://packagist.org/downloads/",
            "license": [
                "MIT"
            ],
            "description": "PHP SDK for Univapay Payments",
            "homepage": "https://github.com/univapay/univapay-php-sdk",
            "keywords": [
                "credit card",
                "japan",
                "payment",
                "univapay"
            ],
            "time": "2021-08-13T07:26:37+00:00"
        }
    ],
    "packages-dev": [],
    "aliases": [],
    "minimum-stability": "stable",
    "stability-flags": [],
    "prefer-stable": false,
    "prefer-lowest": false,
    "platform": [],
    "platform-dev": [],
    "plugin-api-version": "1.1.0"
}
